{
  "name": "@oasislabs/parcel-examples-data-access",
  "version": "1.0.0",
  "lockfileVersion": 2,
  "requires": true,
  "packages": {
    "": {
      "name": "@oasislabs/parcel-examples-data-access",
      "version": "1.0.0",
      "license": "MIT",
      "dependencies": {
        "@oasislabs/parcel": "^0.1.10"
      },
      "devDependencies": {
        "typescript": "^4.1.2"
      },
      "engines": {
        "node": ">=14.8"
      }
    },
    "node_modules/@oasislabs/parcel": {
      "version": "0.1.10",
      "resolved": "https://registry.npmjs.org/@oasislabs/parcel/-/parcel-0.1.10.tgz",
      "integrity": "sha512-XzlNdZT8q5uPHK3J2Cr8v7XxXW6PCsz3t9JuqoKDXlFk80e8IRNEBneGj0YqWvfTsnyrDQ674R9bTyB6eYK1XA==",
      "dependencies": {
        "@types/readable-stream": "^2.3.9",
        "abort-controller": "^3.0.0",
        "eventemitter3": "^4.0.4",
        "form-data": "^4.0.0",
        "jsrsasign": "^10.0.0",
        "ky": "^0.27.0",
        "node-fetch": "3.0.0-beta.9",
        "param-case": "^3.0.3",
        "type-fest": "^0.21.0",
        "web-streams-polyfill": "^3.0.1"
      },
      "engines": {
        "node": ">=14.8"
      }
    },
    "node_modules/@types/node": {
      "version": "14.14.31",
      "resolved": "https://registry.npmjs.org/@types/node/-/node-14.14.31.tgz",
      "integrity": "sha512-vFHy/ezP5qI0rFgJ7aQnjDXwAMrG0KqqIH7tQG5PPv3BWBayOPIQNBjVc/P6hhdZfMx51REc6tfDNXHUio893g=="
    },
    "node_modules/@types/readable-stream": {
      "version": "2.3.9",
      "resolved": "https://registry.npmjs.org/@types/readable-stream/-/readable-stream-2.3.9.tgz",
      "integrity": "sha512-sqsgQqFT7HmQz/V5jH1O0fvQQnXAJO46Gg9LRO/JPfjmVmGUlcx831TZZO3Y3HtWhIkzf3kTsNT0Z0kzIhIvZw==",
      "dependencies": {
        "@types/node": "*",
        "safe-buffer": "*"
      }
    },
    "node_modules/abort-controller": {
      "version": "3.0.0",
      "resolved": "https://registry.npmjs.org/abort-controller/-/abort-controller-3.0.0.tgz",
      "integrity": "sha512-h8lQ8tacZYnR3vNQTgibj+tODHI5/+l06Au2Pcriv/Gmet0eaj4TwWH41sO9wnHDiQsEj19q0drzdWdeAHtweg==",
      "dependencies": {
        "event-target-shim": "^5.0.0"
      },
      "engines": {
        "node": ">=6.5"
      }
    },
    "node_modules/asynckit": {
      "version": "0.4.0",
      "resolved": "https://registry.npmjs.org/asynckit/-/asynckit-0.4.0.tgz",
      "integrity": "sha1-x57Zf380y48robyXkLzDZkdLS3k="
    },
    "node_modules/combined-stream": {
      "version": "1.0.8",
      "resolved": "https://registry.npmjs.org/combined-stream/-/combined-stream-1.0.8.tgz",
      "integrity": "sha512-FQN4MRfuJeHf7cBbBMJFXhKSDq+2kAArBlmRBvcvFE5BB1HZKXtSFASDhdlz9zOYwxh8lDdnvmMOe/+5cdoEdg==",
      "dependencies": {
        "delayed-stream": "~1.0.0"
      },
      "engines": {
        "node": ">= 0.8"
      }
    },
    "node_modules/data-uri-to-buffer": {
      "version": "3.0.1",
      "resolved": "https://registry.npmjs.org/data-uri-to-buffer/-/data-uri-to-buffer-3.0.1.tgz",
      "integrity": "sha512-WboRycPNsVw3B3TL559F7kuBUM4d8CgMEvk6xEJlOp7OBPjt6G7z8WMWlD2rOFZLk6OYfFIUGsCOWzcQH9K2og==",
      "engines": {
        "node": ">= 6"
      }
    },
    "node_modules/delayed-stream": {
      "version": "1.0.0",
      "resolved": "https://registry.npmjs.org/delayed-stream/-/delayed-stream-1.0.0.tgz",
      "integrity": "sha1-3zrhmayt+31ECqrgsp4icrJOxhk=",
      "engines": {
        "node": ">=0.4.0"
      }
    },
    "node_modules/domexception": {
      "version": "2.0.1",
      "resolved": "https://registry.npmjs.org/domexception/-/domexception-2.0.1.tgz",
      "integrity": "sha512-yxJ2mFy/sibVQlu5qHjOkf9J3K6zgmCxgJ94u2EdvDOV09H+32LtRswEcUsmUWN72pVLOEnTSRaIVVzVQgS0dg==",
      "peer": true,
      "dependencies": {
        "webidl-conversions": "^5.0.0"
      },
      "engines": {
        "node": ">=8"
      }
    },
    "node_modules/dot-case": {
      "version": "3.0.4",
      "resolved": "https://registry.npmjs.org/dot-case/-/dot-case-3.0.4.tgz",
      "integrity": "sha512-Kv5nKlh6yRrdrGvxeJ2e5y2eRUpkUosIW4A2AS38zwSz27zu7ufDwQPi5Jhs3XAlGNetl3bmnGhQsMtkKJnj3w==",
      "dependencies": {
        "no-case": "^3.0.4",
        "tslib": "^2.0.3"
      }
    },
    "node_modules/event-target-shim": {
      "version": "5.0.1",
      "resolved": "https://registry.npmjs.org/event-target-shim/-/event-target-shim-5.0.1.tgz",
      "integrity": "sha512-i/2XbnSz/uxRCU6+NdVJgKWDTM427+MqYbkQzD321DuCQJUqOuJKIA0IM2+W2xtYHdKOmZ4dR6fExsd4SXL+WQ==",
      "engines": {
        "node": ">=6"
      }
    },
    "node_modules/eventemitter3": {
      "version": "4.0.7",
      "resolved": "https://registry.npmjs.org/eventemitter3/-/eventemitter3-4.0.7.tgz",
      "integrity": "sha512-8guHBZCwKnFhYdHr2ysuRWErTwhoN2X8XELRlrRwpmfeY2jjuUN4taQMsULKUVo1K4DvZl+0pgfyoysHxvmvEw=="
    },
    "node_modules/fetch-blob": {
      "version": "2.1.1",
      "resolved": "https://registry.npmjs.org/fetch-blob/-/fetch-blob-2.1.1.tgz",
      "integrity": "sha512-Uf+gxPCe1hTOFXwkxYyckn8iUSk6CFXGy5VENZKifovUTZC9eUODWSBhOBS7zICGrAetKzdwLMr85KhIcePMAQ==",
      "engines": {
        "node": "^10.17.0 || >=12.3.0"
      },
      "peerDependencies": {
        "domexception": "^2.0.1"
      }
    },
    "node_modules/form-data": {
      "version": "4.0.0",
      "resolved": "https://registry.npmjs.org/form-data/-/form-data-4.0.0.tgz",
      "integrity": "sha512-ETEklSGi5t0QMZuiXoA/Q6vcnxcLQP5vdugSpuAyi6SVGi2clPPp+xgEhuMaHC+zGgn31Kd235W35f7Hykkaww==",
      "dependencies": {
        "asynckit": "^0.4.0",
        "combined-stream": "^1.0.8",
        "mime-types": "^2.1.12"
      },
      "engines": {
        "node": ">= 6"
      }
    },
    "node_modules/jsrsasign": {
      "version": "10.1.11",
      "resolved": "https://registry.npmjs.org/jsrsasign/-/jsrsasign-10.1.11.tgz",
      "integrity": "sha512-7AzGLg+HsOrkulMu8jrOgDuDsp1K8TMLeMpzkkxqTtnkq1Cb5Sivbt7jHUUvCSoVCdZak5IsHNInEnOhmSgT6g==",
      "funding": {
        "url": "https://github.com/kjur/jsrsasign#donations"
      }
    },
    "node_modules/ky": {
      "version": "0.27.0",
      "resolved": "https://registry.npmjs.org/ky/-/ky-0.27.0.tgz",
      "integrity": "sha512-pgaBuB6wI9DdMSOZBVh2WkcbkAdEG5AUEWuNhtThu6FLIpDbzqzC/fSMmqr/j1wwQyW3SP3KGau7EbzWNkQ/yg==",
      "engines": {
        "node": ">=12"
      },
      "funding": {
        "url": "https://github.com/sindresorhus/ky?sponsor=1"
      }
    },
    "node_modules/lower-case": {
      "version": "2.0.2",
      "resolved": "https://registry.npmjs.org/lower-case/-/lower-case-2.0.2.tgz",
      "integrity": "sha512-7fm3l3NAF9WfN6W3JOmf5drwpVqX78JtoGJ3A6W0a6ZnldM41w2fV5D490psKFTpMds8TJse/eHLFFsNHHjHgg==",
      "dependencies": {
        "tslib": "^2.0.3"
      }
    },
    "node_modules/mime-db": {
      "version": "1.46.0",
      "resolved": "https://registry.npmjs.org/mime-db/-/mime-db-1.46.0.tgz",
      "integrity": "sha512-svXaP8UQRZ5K7or+ZmfNhg2xX3yKDMUzqadsSqi4NCH/KomcH75MAMYAGVlvXn4+b/xOPhS3I2uHKRUzvjY7BQ==",
      "engines": {
        "node": ">= 0.6"
      }
    },
    "node_modules/mime-types": {
      "version": "2.1.29",
      "resolved": "https://registry.npmjs.org/mime-types/-/mime-types-2.1.29.tgz",
      "integrity": "sha512-Y/jMt/S5sR9OaqteJtslsFZKWOIIqMACsJSiHghlCAyhf7jfVYjKBmLiX8OgpWeW+fjJ2b+Az69aPFPkUOY6xQ==",
      "dependencies": {
        "mime-db": "1.46.0"
      },
      "engines": {
        "node": ">= 0.6"
      }
    },
    "node_modules/no-case": {
      "version": "3.0.4",
      "resolved": "https://registry.npmjs.org/no-case/-/no-case-3.0.4.tgz",
      "integrity": "sha512-fgAN3jGAh+RoxUGZHTSOLJIqUc2wmoBwGR4tbpNAKmmovFoWq0OdRkb0VkldReO2a2iBT/OEulG9XSUc10r3zg==",
      "dependencies": {
        "lower-case": "^2.0.2",
        "tslib": "^2.0.3"
      }
    },
    "node_modules/node-fetch": {
      "version": "3.0.0-beta.9",
      "resolved": "https://registry.npmjs.org/node-fetch/-/node-fetch-3.0.0-beta.9.tgz",
      "integrity": "sha512-RdbZCEynH2tH46+tj0ua9caUHVWrd/RHnRfvly2EVdqGmI3ndS1Vn/xjm5KuGejDt2RNDQsVRLPNd2QPwcewVg==",
      "dependencies": {
        "data-uri-to-buffer": "^3.0.1",
        "fetch-blob": "^2.1.1"
      },
      "engines": {
        "node": "^10.17 || >=12.3"
      },
      "funding": {
        "type": "opencollective",
        "url": "https://opencollective.com/node-fetch"
      }
    },
    "node_modules/param-case": {
      "version": "3.0.4",
      "resolved": "https://registry.npmjs.org/param-case/-/param-case-3.0.4.tgz",
      "integrity": "sha512-RXlj7zCYokReqWpOPH9oYivUzLYZ5vAPIfEmCTNViosC78F8F0H9y7T7gG2M39ymgutxF5gcFEsyZQSph9Bp3A==",
      "dependencies": {
        "dot-case": "^3.0.4",
        "tslib": "^2.0.3"
      }
    },
    "node_modules/safe-buffer": {
      "version": "5.2.1",
      "resolved": "https://registry.npmjs.org/safe-buffer/-/safe-buffer-5.2.1.tgz",
      "integrity": "sha512-rp3So07KcdmmKbGvgaNxQSJr7bGVSVk5S9Eq1F+ppbRo70+YeaDxkw5Dd8NPN+GD6bjnYm2VuPuCXmpuYvmCXQ==",
      "funding": [
        {
          "type": "github",
          "url": "https://github.com/sponsors/feross"
        },
        {
          "type": "patreon",
          "url": "https://www.patreon.com/feross"
        },
        {
          "type": "consulting",
          "url": "https://feross.org/support"
        }
      ]
    },
    "node_modules/tslib": {
      "version": "2.1.0",
      "resolved": "https://registry.npmjs.org/tslib/-/tslib-2.1.0.tgz",
      "integrity": "sha512-hcVC3wYEziELGGmEEXue7D75zbwIIVUMWAVbHItGPx0ziyXxrOMQx4rQEVEV45Ut/1IotuEvwqPopzIOkDMf0A=="
    },
    "node_modules/type-fest": {
      "version": "0.21.3",
      "resolved": "https://registry.npmjs.org/type-fest/-/type-fest-0.21.3.tgz",
      "integrity": "sha512-t0rzBq87m3fVcduHDUFhKmyyX+9eo6WQjZvf51Ea/M0Q7+T374Jp1aUiyUl0GKxp8M/OETVHSDvmkyPgvX+X2w==",
      "engines": {
        "node": ">=10"
      },
      "funding": {
        "url": "https://github.com/sponsors/sindresorhus"
      }
    },
    "node_modules/typescript": {
      "version": "4.1.3",
      "resolved": "https://registry.npmjs.org/typescript/-/typescript-4.1.3.tgz",
      "integrity": "sha512-B3ZIOf1IKeH2ixgHhj6la6xdwR9QrLC5d1VKeCSY4tvkqhF2eqd9O7txNlS0PO3GrBAFIdr3L1ndNwteUbZLYg==",
      "dev": true,
      "bin": {
        "tsc": "bin/tsc",
        "tsserver": "bin/tsserver"
      },
      "engines": {
        "node": ">=4.2.0"
      }
    },
    "node_modules/web-streams-polyfill": {
      "version": "3.0.2",
      "resolved": "https://registry.npmjs.org/web-streams-polyfill/-/web-streams-polyfill-3.0.2.tgz",
      "integrity": "sha512-JTNkNbAKoSo8NKiqu2UUaqRFCDWWZaCOsXuJEsToWopikTA0YHKKUf91GNkS/SnD8JixOkJjVsiacNlrFnRECA==",
      "engines": {
        "node": ">= 8"
      }
    },
    "node_modules/webidl-conversions": {
      "version": "5.0.0",
      "resolved": "https://registry.npmjs.org/webidl-conversions/-/webidl-conversions-5.0.0.tgz",
      "integrity": "sha512-VlZwKPCkYKxQgeSbH5EyngOmRp7Ww7I9rQLERETtf5ofd9pGeswWiOtogpEO850jziPRarreGxn5QIiTqpb2wA==",
      "peer": true,
      "engines": {
        "node": ">=8"
      }
    }
  },
  "dependencies": {
    "@oasislabs/parcel": {
      "version": "0.1.10",
      "resolved": "https://registry.npmjs.org/@oasislabs/parcel/-/parcel-0.1.10.tgz",
      "integrity": "sha512-XzlNdZT8q5uPHK3J2Cr8v7XxXW6PCsz3t9JuqoKDXlFk80e8IRNEBneGj0YqWvfTsnyrDQ674R9bTyB6eYK1XA==",
      "requires": {
        "@types/readable-stream": "^2.3.9",
        "abort-controller": "^3.0.0",
        "eventemitter3": "^4.0.4",
        "form-data": "^4.0.0",
        "jsrsasign": "^10.0.0",
        "ky": "^0.27.0",
        "node-fetch": "3.0.0-beta.9",
        "param-case": "^3.0.3",
        "type-fest": "^0.21.0",
        "web-streams-polyfill": "^3.0.1"
      }
    },
    "@types/node": {
      "version": "14.14.31",
      "resolved": "https://registry.npmjs.org/@types/node/-/node-14.14.31.tgz",
      "integrity": "sha512-vFHy/ezP5qI0rFgJ7aQnjDXwAMrG0KqqIH7tQG5PPv3BWBayOPIQNBjVc/P6hhdZfMx51REc6tfDNXHUio893g=="
    },
    "@types/readable-stream": {
      "version": "2.3.9",
      "resolved": "https://registry.npmjs.org/@types/readable-stream/-/readable-stream-2.3.9.tgz",
      "integrity": "sha512-sqsgQqFT7HmQz/V5jH1O0fvQQnXAJO46Gg9LRO/JPfjmVmGUlcx831TZZO3Y3HtWhIkzf3kTsNT0Z0kzIhIvZw==",
      "requires": {
        "@types/node": "*",
        "safe-buffer": "*"
      }
    },
    "abort-controller": {
      "version": "3.0.0",
      "resolved": "https://registry.npmjs.org/abort-controller/-/abort-controller-3.0.0.tgz",
      "integrity": "sha512-h8lQ8tacZYnR3vNQTgibj+tODHI5/+l06Au2Pcriv/Gmet0eaj4TwWH41sO9wnHDiQsEj19q0drzdWdeAHtweg==",
      "requires": {
        "event-target-shim": "^5.0.0"
      }
    },
    "asynckit": {
      "version": "0.4.0",
      "resolved": "https://registry.npmjs.org/asynckit/-/asynckit-0.4.0.tgz",
      "integrity": "sha1-x57Zf380y48robyXkLzDZkdLS3k="
    },
    "combined-stream": {
      "version": "1.0.8",
      "resolved": "https://registry.npmjs.org/combined-stream/-/combined-stream-1.0.8.tgz",
      "integrity": "sha512-FQN4MRfuJeHf7cBbBMJFXhKSDq+2kAArBlmRBvcvFE5BB1HZKXtSFASDhdlz9zOYwxh8lDdnvmMOe/+5cdoEdg==",
      "requires": {
        "delayed-stream": "~1.0.0"
      }
    },
    "data-uri-to-buffer": {
      "version": "3.0.1",
      "resolved": "https://registry.npmjs.org/data-uri-to-buffer/-/data-uri-to-buffer-3.0.1.tgz",
      "integrity": "sha512-WboRycPNsVw3B3TL559F7kuBUM4d8CgMEvk6xEJlOp7OBPjt6G7z8WMWlD2rOFZLk6OYfFIUGsCOWzcQH9K2og=="
    },
    "delayed-stream": {
      "version": "1.0.0",
      "resolved": "https://registry.npmjs.org/delayed-stream/-/delayed-stream-1.0.0.tgz",
      "integrity": "sha1-3zrhmayt+31ECqrgsp4icrJOxhk="
    },
    "domexception": {
      "version": "2.0.1",
      "resolved": "https://registry.npmjs.org/domexception/-/domexception-2.0.1.tgz",
      "integrity": "sha512-yxJ2mFy/sibVQlu5qHjOkf9J3K6zgmCxgJ94u2EdvDOV09H+32LtRswEcUsmUWN72pVLOEnTSRaIVVzVQgS0dg==",
      "peer": true,
      "requires": {
        "webidl-conversions": "^5.0.0"
      }
    },
    "dot-case": {
      "version": "3.0.4",
      "resolved": "https://registry.npmjs.org/dot-case/-/dot-case-3.0.4.tgz",
      "integrity": "sha512-Kv5nKlh6yRrdrGvxeJ2e5y2eRUpkUosIW4A2AS38zwSz27zu7ufDwQPi5Jhs3XAlGNetl3bmnGhQsMtkKJnj3w==",
      "requires": {
        "no-case": "^3.0.4",
        "tslib": "^2.0.3"
      }
    },
    "event-target-shim": {
      "version": "5.0.1",
      "resolved": "https://registry.npmjs.org/event-target-shim/-/event-target-shim-5.0.1.tgz",
      "integrity": "sha512-i/2XbnSz/uxRCU6+NdVJgKWDTM427+MqYbkQzD321DuCQJUqOuJKIA0IM2+W2xtYHdKOmZ4dR6fExsd4SXL+WQ=="
    },
    "eventemitter3": {
      "version": "4.0.7",
      "resolved": "https://registry.npmjs.org/eventemitter3/-/eventemitter3-4.0.7.tgz",
      "integrity": "sha512-8guHBZCwKnFhYdHr2ysuRWErTwhoN2X8XELRlrRwpmfeY2jjuUN4taQMsULKUVo1K4DvZl+0pgfyoysHxvmvEw=="
    },
    "fetch-blob": {
      "version": "2.1.1",
      "resolved": "https://registry.npmjs.org/fetch-blob/-/fetch-blob-2.1.1.tgz",
      "integrity": "sha512-Uf+gxPCe1hTOFXwkxYyckn8iUSk6CFXGy5VENZKifovUTZC9eUODWSBhOBS7zICGrAetKzdwLMr85KhIcePMAQ==",
      "requires": {}
    },
    "form-data": {
      "version": "4.0.0",
      "resolved": "https://registry.npmjs.org/form-data/-/form-data-4.0.0.tgz",
      "integrity": "sha512-ETEklSGi5t0QMZuiXoA/Q6vcnxcLQP5vdugSpuAyi6SVGi2clPPp+xgEhuMaHC+zGgn31Kd235W35f7Hykkaww==",
      "requires": {
        "asynckit": "^0.4.0",
        "combined-stream": "^1.0.8",
        "mime-types": "^2.1.12"
      }
    },
    "jsrsasign": {
      "version": "10.1.11",
      "resolved": "https://registry.npmjs.org/jsrsasign/-/jsrsasign-10.1.11.tgz",
      "integrity": "sha512-7AzGLg+HsOrkulMu8jrOgDuDsp1K8TMLeMpzkkxqTtnkq1Cb5Sivbt7jHUUvCSoVCdZak5IsHNInEnOhmSgT6g=="
    },
    "ky": {
      "version": "0.27.0",
      "resolved": "https://registry.npmjs.org/ky/-/ky-0.27.0.tgz",
      "integrity": "sha512-pgaBuB6wI9DdMSOZBVh2WkcbkAdEG5AUEWuNhtThu6FLIpDbzqzC/fSMmqr/j1wwQyW3SP3KGau7EbzWNkQ/yg=="
    },
    "lower-case": {
      "version": "2.0.2",
      "resolved": "https://registry.npmjs.org/lower-case/-/lower-case-2.0.2.tgz",
      "integrity": "sha512-7fm3l3NAF9WfN6W3JOmf5drwpVqX78JtoGJ3A6W0a6ZnldM41w2fV5D490psKFTpMds8TJse/eHLFFsNHHjHgg==",
      "requires": {
        "tslib": "^2.0.3"
      }
    },
    "mime-db": {
      "version": "1.46.0",
      "resolved": "https://registry.npmjs.org/mime-db/-/mime-db-1.46.0.tgz",
      "integrity": "sha512-svXaP8UQRZ5K7or+ZmfNhg2xX3yKDMUzqadsSqi4NCH/KomcH75MAMYAGVlvXn4+b/xOPhS3I2uHKRUzvjY7BQ=="
    },
    "mime-types": {
      "version": "2.1.29",
      "resolved": "https://registry.npmjs.org/mime-types/-/mime-types-2.1.29.tgz",
      "integrity": "sha512-Y/jMt/S5sR9OaqteJtslsFZKWOIIqMACsJSiHghlCAyhf7jfVYjKBmLiX8OgpWeW+fjJ2b+Az69aPFPkUOY6xQ==",
      "requires": {
        "mime-db": "1.46.0"
      }
    },
    "no-case": {
      "version": "3.0.4",
      "resolved": "https://registry.npmjs.org/no-case/-/no-case-3.0.4.tgz",
      "integrity": "sha512-fgAN3jGAh+RoxUGZHTSOLJIqUc2wmoBwGR4tbpNAKmmovFoWq0OdRkb0VkldReO2a2iBT/OEulG9XSUc10r3zg==",
      "requires": {
        "lower-case": "^2.0.2",
        "tslib": "^2.0.3"
      }
    },
    "node-fetch": {
      "version": "3.0.0-beta.9",
      "resolved": "https://registry.npmjs.org/node-fetch/-/node-fetch-3.0.0-beta.9.tgz",
      "integrity": "sha512-RdbZCEynH2tH46+tj0ua9caUHVWrd/RHnRfvly2EVdqGmI3ndS1Vn/xjm5KuGejDt2RNDQsVRLPNd2QPwcewVg==",
      "requires": {
        "data-uri-to-buffer": "^3.0.1",
        "fetch-blob": "^2.1.1"
      }
    },
    "param-case": {
      "version": "3.0.4",
      "resolved": "https://registry.npmjs.org/param-case/-/param-case-3.0.4.tgz",
      "integrity": "sha512-RXlj7zCYokReqWpOPH9oYivUzLYZ5vAPIfEmCTNViosC78F8F0H9y7T7gG2M39ymgutxF5gcFEsyZQSph9Bp3A==",
      "requires": {
        "dot-case": "^3.0.4",
        "tslib": "^2.0.3"
      }
    },
    "safe-buffer": {
      "version": "5.2.1",
      "resolved": "https://registry.npmjs.org/safe-buffer/-/safe-buffer-5.2.1.tgz",
      "integrity": "sha512-rp3So07KcdmmKbGvgaNxQSJr7bGVSVk5S9Eq1F+ppbRo70+YeaDxkw5Dd8NPN+GD6bjnYm2VuPuCXmpuYvmCXQ=="
    },
    "tslib": {
      "version": "2.1.0",
      "resolved": "https://registry.npmjs.org/tslib/-/tslib-2.1.0.tgz",
      "integrity": "sha512-hcVC3wYEziELGGmEEXue7D75zbwIIVUMWAVbHItGPx0ziyXxrOMQx4rQEVEV45Ut/1IotuEvwqPopzIOkDMf0A=="
    },
    "type-fest": {
      "version": "0.21.3",
      "resolved": "https://registry.npmjs.org/type-fest/-/type-fest-0.21.3.tgz",
      "integrity": "sha512-t0rzBq87m3fVcduHDUFhKmyyX+9eo6WQjZvf51Ea/M0Q7+T374Jp1aUiyUl0GKxp8M/OETVHSDvmkyPgvX+X2w=="
    },
    "typescript": {
      "version": "4.1.3",
      "resolved": "https://registry.npmjs.org/typescript/-/typescript-4.1.3.tgz",
      "integrity": "sha512-B3ZIOf1IKeH2ixgHhj6la6xdwR9QrLC5d1VKeCSY4tvkqhF2eqd9O7txNlS0PO3GrBAFIdr3L1ndNwteUbZLYg==",
      "dev": true
    },
    "web-streams-polyfill": {
      "version": "3.0.2",
      "resolved": "https://registry.npmjs.org/web-streams-polyfill/-/web-streams-polyfill-3.0.2.tgz",
      "integrity": "sha512-JTNkNbAKoSo8NKiqu2UUaqRFCDWWZaCOsXuJEsToWopikTA0YHKKUf91GNkS/SnD8JixOkJjVsiacNlrFnRECA=="
    },
    "webidl-conversions": {
      "version": "5.0.0",
      "resolved": "https://registry.npmjs.org/webidl-conversions/-/webidl-conversions-5.0.0.tgz",
      "integrity": "sha512-VlZwKPCkYKxQgeSbH5EyngOmRp7Ww7I9rQLERETtf5ofd9pGeswWiOtogpEO850jziPRarreGxn5QIiTqpb2wA==",
      "peer": true
    }
  }
}
